
Microsoft Visual Studio Solution File, Format Version 12.00
# Visual Studio Version 16
VisualStudioVersion = 16.0.32126.315
MinimumVisualStudioVersion = 10.0.40219.1
Project("{FAE04EC0-301F-11D3-BF4B-00C04F79EFBC}") = "MoviesApi", "MoviesApi\MoviesApi.csproj", "{31DD0ED1-E794-4F7C-A6F5-64C4A539E637}"
EndProject
Global
	GlobalSection(SolutionConfigurationPlatforms) = preSolution
		Debug|Any CPU = Debug|Any CPU
		Release|Any CPU = Release|Any CPU
	EndGlobalSection
	GlobalSection(ProjectConfigurationPlatforms) = postSolution
		{31DD0ED1-E794-4F7C-A6F5-64C4A539E637}.Debug|Any CPU.ActiveCfg = Debug|Any CPU
		{31DD0ED1-E794-4F7C-A6F5-64C4A539E637}.Debug|Any CPU.Build.0 = Debug|Any CPU
		{31DD0ED1-E794-4F7C-A6F5-64C4A539E637}.Release|Any CPU.ActiveCfg = Release|Any CPU
		{31DD0ED1-E794-4F7C-A6F5-64C4A539E637}.Release|Any CPU.Build.0 = Release|Any CPU
	EndGlobalSection
	GlobalSection(SolutionProperties) = preSolution
		HideSolutionNode = FALSE
	EndGlobalSection
	GlobalSection(ExtensibilityGlobals) = postSolution
		SolutionGuid = {BD440B24-9DAF-4BEF-94CF-F45F8ED37E4C}
	EndGlobalSection
EndGlobal
